
Microsoft Visual Studio Solution File, Format Version 12.00
# Visual Studio 14
VisualStudioVersion = 14.0.25420.1
MinimumVisualStudioVersion = 10.0.40219.1
Project("{FAE04EC0-301F-11D3-BF4B-00C04F79EFBC}") = "Task1", "Task1\Task1.csproj", "{2DD9EB72-32C8-4A3E-A0D6-FF92AFABF7DC}"
EndProject
Project("{FAE04EC0-301F-11D3-BF4B-00C04F79EFBC}") = "Task1.Tests", "Task1.Tests\Task1.Tests.csproj", "{869E7DFE-DF79-46EB-98C5-790A6F57EEEF}"
EndProject
Global
	GlobalSection(SolutionConfigurationPlatforms) = preSolution
		Debug|Any CPU = Debug|Any CPU
		Release|Any CPU = Release|Any CPU
	EndGlobalSection
	GlobalSection(ProjectConfigurationPlatforms) = postSolution
		{2DD9EB72-32C8-4A3E-A0D6-FF92AFABF7DC}.Debug|Any CPU.ActiveCfg = Debug|Any CPU
		{2DD9EB72-32C8-4A3E-A0D6-FF92AFABF7DC}.Debug|Any CPU.Build.0 = Debug|Any CPU
		{2DD9EB72-32C8-4A3E-A0D6-FF92AFABF7DC}.Release|Any CPU.ActiveCfg = Release|Any CPU
		{2DD9EB72-32C8-4A3E-A0D6-FF92AFABF7DC}.Release|Any CPU.Build.0 = Release|Any CPU
		{869E7DFE-DF79-46EB-98C5-790A6F57EEEF}.Debug|Any CPU.ActiveCfg = Debug|Any CPU
		{869E7DFE-DF79-46EB-98C5-790A6F57EEEF}.Debug|Any CPU.Build.0 = Debug|Any CPU
		{869E7DFE-DF79-46EB-98C5-790A6F57EEEF}.Release|Any CPU.ActiveCfg = Release|Any CPU
		{869E7DFE-DF79-46EB-98C5-790A6F57EEEF}.Release|Any CPU.Build.0 = Release|Any CPU
	EndGlobalSection
	GlobalSection(SolutionProperties) = preSolution
		HideSolutionNode = FALSE
	EndGlobalSection
EndGlobal
